{
  "name": "bracketproject",
  "version": "1.0.0",
  "lockfileVersion": 1,
  "requires": true,
  "dependencies": {
    "jquery": {
      "version": "3.4.1",
      "resolved": "https://registry.npmjs.org/jquery/-/jquery-3.4.1.tgz",
      "integrity": "sha512-36+AdBzCL+y6qjw5Tx7HgzeGCzC81MDDgaUP8ld2zhx58HdqXGoBd+tHdrBMiyjGQs0Hxs/MLZTu/eHNJJuWPw=="
    },
    "jquery-bracket": {
      "version": "0.11.1",
      "resolved": "https://registry.npmjs.org/jquery-bracket/-/jquery-bracket-0.11.1.tgz",
      "integrity": "sha512-I3kE5FuUAJAU+h3ccipVO+AUpM1p0ilQAOfSk51Ja2RLDslVMuRVctYOsuANTAxQmEgvzdqSNVRXcIA0Ve1plQ=="
    }
  }
}
